
Microsoft Visual Studio Solution File, Format Version 12.00
# Visual Studio 14
VisualStudioVersion = 14.0.25123.0
MinimumVisualStudioVersion = 10.0.40219.1
Project("{FAE04EC0-301F-11D3-BF4B-00C04F79EFBC}") = "Shopomo", "Shopomo\Shopomo.csproj", "{02713B67-83F8-42F8-B042-59DB893B41D7}"
EndProject
Project("{FAE04EC0-301F-11D3-BF4B-00C04F79EFBC}") = "Shopomo.Tests", "Shopomo.Tests\Shopomo.Tests.csproj", "{1B54860B-8247-4AC3-A564-0B416810D2F6}"
EndProject
Global
	GlobalSection(SolutionConfigurationPlatforms) = preSolution
		Debug|Any CPU = Debug|Any CPU
		Release|Any CPU = Release|Any CPU
	EndGlobalSection
	GlobalSection(ProjectConfigurationPlatforms) = postSolution
		{02713B67-83F8-42F8-B042-59DB893B41D7}.Debug|Any CPU.ActiveCfg = Debug|Any CPU
		{02713B67-83F8-42F8-B042-59DB893B41D7}.Debug|Any CPU.Build.0 = Debug|Any CPU
		{02713B67-83F8-42F8-B042-59DB893B41D7}.Release|Any CPU.ActiveCfg = Release|Any CPU
		{02713B67-83F8-42F8-B042-59DB893B41D7}.Release|Any CPU.Build.0 = Release|Any CPU
		{1B54860B-8247-4AC3-A564-0B416810D2F6}.Debug|Any CPU.ActiveCfg = Debug|Any CPU
		{1B54860B-8247-4AC3-A564-0B416810D2F6}.Debug|Any CPU.Build.0 = Debug|Any CPU
		{1B54860B-8247-4AC3-A564-0B416810D2F6}.Release|Any CPU.ActiveCfg = Release|Any CPU
		{1B54860B-8247-4AC3-A564-0B416810D2F6}.Release|Any CPU.Build.0 = Release|Any CPU
	EndGlobalSection
	GlobalSection(SolutionProperties) = preSolution
		HideSolutionNode = FALSE
	EndGlobalSection
EndGlobal
